
Microsoft Visual Studio Solution File, Format Version 12.00
# Visual Studio 15
VisualStudioVersion = 15.0.28010.2019
MinimumVisualStudioVersion = 10.0.40219.1
Project("{FAE04EC0-301F-11D3-BF4B-00C04F79EFBC}") = "SimpleWebDriverUnitTests", "SimpleWebDriverUnitTests\SimpleWebDriverUnitTests.csproj", "{5E727ECC-4E31-447C-9DA4-7EF637F1468C}"
EndProject
Global
	GlobalSection(SolutionConfigurationPlatforms) = preSolution
		Debug|Any CPU = Debug|Any CPU
		Release|Any CPU = Release|Any CPU
	EndGlobalSection
	GlobalSection(ProjectConfigurationPlatforms) = postSolution
		{5E727ECC-4E31-447C-9DA4-7EF637F1468C}.Debug|Any CPU.ActiveCfg = Debug|Any CPU
		{5E727ECC-4E31-447C-9DA4-7EF637F1468C}.Debug|Any CPU.Build.0 = Debug|Any CPU
		{5E727ECC-4E31-447C-9DA4-7EF637F1468C}.Release|Any CPU.ActiveCfg = Release|Any CPU
		{5E727ECC-4E31-447C-9DA4-7EF637F1468C}.Release|Any CPU.Build.0 = Release|Any CPU
	EndGlobalSection
	GlobalSection(SolutionProperties) = preSolution
		HideSolutionNode = FALSE
	EndGlobalSection
	GlobalSection(ExtensibilityGlobals) = postSolution
		SolutionGuid = {BF2C8E4B-DB45-47DA-9768-9FB2A7F3F96B}
	EndGlobalSection
EndGlobal
